
Microsoft Visual Studio Solution File, Format Version 12.00
# Visual Studio 15
VisualStudioVersion = 15.0.28307.1525
MinimumVisualStudioVersion = 10.0.40219.1
Project("{FAE04EC0-301F-11D3-BF4B-00C04F79EFBC}") = "TrafficSignal.Web", "..\TrafficSignal.Web\TrafficSignal.Web.csproj", "{EC70F2A5-D288-4FD3-A1E5-DF004DA8266A}"
EndProject
Project("{FAE04EC0-301F-11D3-BF4B-00C04F79EFBC}") = "TrafficSignal.API", "TrafficSignal.API\TrafficSignal.API.csproj", "{96810BFE-975E-4C73-98F1-8B538484D7A0}"
EndProject
Global
	GlobalSection(SolutionConfigurationPlatforms) = preSolution
		Debug|Any CPU = Debug|Any CPU
		Release|Any CPU = Release|Any CPU
	EndGlobalSection
	GlobalSection(ProjectConfigurationPlatforms) = postSolution
		{EC70F2A5-D288-4FD3-A1E5-DF004DA8266A}.Debug|Any CPU.ActiveCfg = Debug|Any CPU
		{EC70F2A5-D288-4FD3-A1E5-DF004DA8266A}.Debug|Any CPU.Build.0 = Debug|Any CPU
		{EC70F2A5-D288-4FD3-A1E5-DF004DA8266A}.Release|Any CPU.ActiveCfg = Release|Any CPU
		{EC70F2A5-D288-4FD3-A1E5-DF004DA8266A}.Release|Any CPU.Build.0 = Release|Any CPU
		{96810BFE-975E-4C73-98F1-8B538484D7A0}.Debug|Any CPU.ActiveCfg = Debug|Any CPU
		{96810BFE-975E-4C73-98F1-8B538484D7A0}.Debug|Any CPU.Build.0 = Debug|Any CPU
		{96810BFE-975E-4C73-98F1-8B538484D7A0}.Release|Any CPU.ActiveCfg = Release|Any CPU
		{96810BFE-975E-4C73-98F1-8B538484D7A0}.Release|Any CPU.Build.0 = Release|Any CPU
	EndGlobalSection
	GlobalSection(SolutionProperties) = preSolution
		HideSolutionNode = FALSE
	EndGlobalSection
	GlobalSection(ExtensibilityGlobals) = postSolution
		SolutionGuid = {75B5BC2D-8D10-475F-9AE1-B5FDA9A2619A}
	EndGlobalSection
EndGlobal
